{
    "name": "br.sp.saude.ipgg",
    "version": "1.0.0",
    "lockfileVersion": 1,
    "requires": true,
    "dependencies": {
        "cordova-plugin-console": {
            "version": "1.1.0",
            "resolved": "https://registry.npmjs.org/cordova-plugin-console/-/cordova-plugin-console-1.1.0.tgz",
            "integrity": "sha1-4vusECkBeeRMtyxf28QQpTHBzW0="
        },
        "cordova-plugin-network-information": {
            "version": "2.0.1",
            "resolved": "https://registry.npmjs.org/cordova-plugin-network-information/-/cordova-plugin-network-information-2.0.1.tgz",
            "integrity": "sha1-6QQh9DDGq3bUCSI/Jfzvu7zhdpA="
        },
        "cordova-plugin-whitelist": {
            "version": "1.3.3",
            "resolved": "https://registry.npmjs.org/cordova-plugin-whitelist/-/cordova-plugin-whitelist-1.3.3.tgz",
            "integrity": "sha1-tehezbv+Wu3tQKG/TuI3LmfZb7Q="
        }
    }
}
